
Microsoft Visual Studio Solution File, Format Version 12.00
# Visual Studio Version 16
VisualStudioVersion = 25.0.1704.2
MinimumVisualStudioVersion = 10.0.40219.1
Project("{FAE04EC0-301F-11D3-BF4B-00C04F79EFBC}") = "proiect", "proiect\proiect.csproj", "{2D12935A-6D93-427F-B76B-FBBEA02B1C87}"
EndProject
Global
	GlobalSection(SolutionConfigurationPlatforms) = preSolution
		Debug|Any CPU = Debug|Any CPU
		Release|Any CPU = Release|Any CPU
	EndGlobalSection
	GlobalSection(ProjectConfigurationPlatforms) = postSolution
		{2D12935A-6D93-427F-B76B-FBBEA02B1C87}.Debug|Any CPU.ActiveCfg = Debug|Any CPU
		{2D12935A-6D93-427F-B76B-FBBEA02B1C87}.Debug|Any CPU.Build.0 = Debug|Any CPU
		{2D12935A-6D93-427F-B76B-FBBEA02B1C87}.Release|Any CPU.ActiveCfg = Release|Any CPU
		{2D12935A-6D93-427F-B76B-FBBEA02B1C87}.Release|Any CPU.Build.0 = Release|Any CPU
	EndGlobalSection
	GlobalSection(SolutionProperties) = preSolution
		HideSolutionNode = FALSE
	EndGlobalSection
	GlobalSection(ExtensibilityGlobals) = postSolution
		SolutionGuid = {6D4960A8-30DB-4883-B8BE-F0AA1FE31835}
	EndGlobalSection
EndGlobal
